{
  "name": "Multi_Agent_Blog_generator_FYP",
  "lockfileVersion": 3,
  "requires": true,
  "packages": {
    "": {
      "dependencies": {
        "@tanstack/react-query": "^5.100.10"
      }
    },
    "node_modules/@tanstack/query-core": {
      "version": "5.100.10",
      "resolved": "https://registry.npmjs.org/@tanstack/query-core/-/query-core-5.100.10.tgz",
      "integrity": "sha512-8UR0yJR+GiQ40m3lPhUr0xbfAupe6GSQiksSBSa9SM2NjezFyxXCIA69/lz8cSoNKZLrw1/PktIyQBJcVeMi3w==",
      "license": "MIT",
      "funding": {
        "type": "github",
        "url": "https://github.com/sponsors/tannerlinsley"
      }
    },
    "node_modules/@tanstack/react-query": {
      "version": "5.100.10",
      "resolved": "https://registry.npmjs.org/@tanstack/react-query/-/react-query-5.100.10.tgz",
      "integrity": "sha512-FLaZf2RCrA/Zgp4aiu5tG3TyasTRO7aZ99skxQpr3Hg/zXOhu6yq5FZCYQ/tRaJtM9ylnoK8tFK7PolXQadv6Q==",
      "license": "MIT",
      "dependencies": {
        "@tanstack/query-core": "5.100.10"
      },
      "funding": {
        "type": "github",
        "url": "https://github.com/sponsors/tannerlinsley"
      },
      "peerDependencies": {
        "react": "^18 || ^19"
      }
    }
  }
}
